// !$*UTF8*$!
{
	archiveVersion = 1;
	classes = {
	};
	objectVersion = 48;
	objects = {

/* Begin PBXBuildFile section */
		1721441C203D5AF8004F7D91 /* Medium.cpp in Sources */ = {isa = PBXBuildFile; fileRef = 1721441A203D5AF8004F7D91 /* Medium.cpp */; };
		17744C8C20374A080037CA0A /* main.cpp in Sources */ = {isa = PBXBuildFile; fileRef = 17744C8B20374A080037CA0A /* main.cpp */; };
		17744C9420374A610037CA0A /* Compartiment.cpp in Sources */ = {isa = PBXBuildFile; fileRef = 17744C9220374A610037CA0A /* Compartiment.cpp */; };
		17757C6420469C8100EEC886 /* Puddle.cpp in Sources */ = {isa = PBXBuildFile; fileRef = 17757C6320469C8100EEC886 /* Puddle.cpp */; };
		177612342049AF5C00CB0D12 /* Cell.cpp in Sources */ = {isa = PBXBuildFile; fileRef = 177612322049AF5C00CB0D12 /* Cell.cpp */; };
		17784AB5204ED54B00F17A4A /* Ecosystem.cpp in Sources */ = {isa = PBXBuildFile; fileRef = 17784AB4204ED54B00F17A4A /* Ecosystem.cpp */; };
		17A162C9205FCE8200665F53 /* Allele.cpp in Sources */ = {isa = PBXBuildFile; fileRef = 17A162C7205FCE8200665F53 /* Allele.cpp */; };
/* End PBXBuildFile section */

/* Begin PBXCopyFilesBuildPhase section */
		17744C8620374A080037CA0A /* CopyFiles */ = {
			isa = PBXCopyFilesBuildPhase;
			buildActionMask = 2147483647;
			dstPath = /usr/share/man/man1/;
			dstSubfolderSpec = 0;
			files = (
			);
			runOnlyForDeploymentPostprocessing = 1;
		};
/* End PBXCopyFilesBuildPhase section */

/* Begin PBXFileReference section */
		1721441A203D5AF8004F7D91 /* Medium.cpp */ = {isa = PBXFileReference; lastKnownFileType = sourcecode.cpp.cpp; path = Medium.cpp; sourceTree = "<group>"; };
		1721441B203D5AF8004F7D91 /* Medium.hpp */ = {isa = PBXFileReference; lastKnownFileType = sourcecode.cpp.h; path = Medium.hpp; sourceTree = "<group>"; };
		17744C8820374A080037CA0A /* Cell_Evolution */ = {isa = PBXFileReference; explicitFileType = "compiled.mach-o.executable"; includeInIndex = 0; path = Cell_Evolution; sourceTree = BUILT_PRODUCTS_DIR; };
		17744C8B20374A080037CA0A /* main.cpp */ = {isa = PBXFileReference; lastKnownFileType = sourcecode.cpp.cpp; path = main.cpp; sourceTree = "<group>"; };
		17744C9220374A610037CA0A /* Compartiment.cpp */ = {isa = PBXFileReference; lastKnownFileType = sourcecode.cpp.cpp; path = Compartiment.cpp; sourceTree = "<group>"; };
		17744C9320374A610037CA0A /* Compartiment.hpp */ = {isa = PBXFileReference; lastKnownFileType = sourcecode.cpp.h; path = Compartiment.hpp; sourceTree = "<group>"; };
		17757C6320469C8100EEC886 /* Puddle.cpp */ = {isa = PBXFileReference; fileEncoding = 4; lastKnownFileType = sourcecode.cpp.cpp; path = Puddle.cpp; sourceTree = "<group>"; };
		17757C6520469C8C00EEC886 /* Puddle.hpp */ = {isa = PBXFileReference; lastKnownFileType = sourcecode.cpp.h; path = Puddle.hpp; sourceTree = "<group>"; };
		177612322049AF5C00CB0D12 /* Cell.cpp */ = {isa = PBXFileReference; lastKnownFileType = sourcecode.cpp.cpp; path = Cell.cpp; sourceTree = "<group>"; };
		177612332049AF5C00CB0D12 /* Cell.hpp */ = {isa = PBXFileReference; lastKnownFileType = sourcecode.cpp.h; path = Cell.hpp; sourceTree = "<group>"; };
		17784AB4204ED54B00F17A4A /* Ecosystem.cpp */ = {isa = PBXFileReference; fileEncoding = 4; lastKnownFileType = sourcecode.cpp.cpp; path = Ecosystem.cpp; sourceTree = "<group>"; };
		17784AB6204ED55300F17A4A /* Ecosystem.hpp */ = {isa = PBXFileReference; lastKnownFileType = sourcecode.cpp.h; path = Ecosystem.hpp; sourceTree = "<group>"; };
		17A162C7205FCE8200665F53 /* Allele.cpp */ = {isa = PBXFileReference; lastKnownFileType = sourcecode.cpp.cpp; path = Allele.cpp; sourceTree = "<group>"; };
		17A162C8205FCE8200665F53 /* Allele.hpp */ = {isa = PBXFileReference; lastKnownFileType = sourcecode.cpp.h; path = Allele.hpp; sourceTree = "<group>"; };
/* End PBXFileReference section */

/* Begin PBXFrameworksBuildPhase section */
		17744C8520374A080037CA0A /* Frameworks */ = {
			isa = PBXFrameworksBuildPhase;
			buildActionMask = 2147483647;
			files = (
			);
			runOnlyForDeploymentPostprocessing = 0;
		};
/* End PBXFrameworksBuildPhase section */

/* Begin PBXGroup section */
		17744C7F20374A080037CA0A = {
			isa = PBXGroup;
			children = (
				17744C8A20374A080037CA0A /* Cell_Evolution */,
				17744C8920374A080037CA0A /* Products */,
			);
			sourceTree = "<group>";
		};
		17744C8920374A080037CA0A /* Products */ = {
			isa = PBXGroup;
			children = (
				17744C8820374A080037CA0A /* Cell_Evolution */,
			);
			name = Products;
			sourceTree = "<group>";
		};
		17744C8A20374A080037CA0A /* Cell_Evolution */ = {
			isa = PBXGroup;
			children = (
				17744C8B20374A080037CA0A /* main.cpp */,
				17784AB4204ED54B00F17A4A /* Ecosystem.cpp */,
				17784AB6204ED55300F17A4A /* Ecosystem.hpp */,
				17757C6320469C8100EEC886 /* Puddle.cpp */,
				17757C6520469C8C00EEC886 /* Puddle.hpp */,
				177612322049AF5C00CB0D12 /* Cell.cpp */,
				177612332049AF5C00CB0D12 /* Cell.hpp */,
				17A162C7205FCE8200665F53 /* Allele.cpp */,
				17A162C8205FCE8200665F53 /* Allele.hpp */,
				17744C9220374A610037CA0A /* Compartiment.cpp */,
				17744C9320374A610037CA0A /* Compartiment.hpp */,
				1721441A203D5AF8004F7D91 /* Medium.cpp */,
				1721441B203D5AF8004F7D91 /* Medium.hpp */,
			);
			path = Cell_Evolution;
			sourceTree = "<group>";
		};
/* End PBXGroup section */

/* Begin PBXNativeTarget section */
		17744C8720374A080037CA0A /* Cell_Evolution */ = {
			isa = PBXNativeTarget;
			buildConfigurationList = 17744C8F20374A080037CA0A /* Build configuration list for PBXNativeTarget "Cell_Evolution" */;
			buildPhases = (
				17744C8420374A080037CA0A /* Sources */,
				17744C8520374A080037CA0A /* Frameworks */,
				17744C8620374A080037CA0A /* CopyFiles */,
			);
			buildRules = (
			);
			dependencies = (
			);
			name = Cell_Evolution;
			productName = Cell_Evolution;
			productReference = 17744C8820374A080037CA0A /* Cell_Evolution */;
			productType = "com.apple.product-type.tool";
		};
/* End PBXNativeTarget section */

/* Begin PBXProject section */
		17744C8020374A080037CA0A /* Project object */ = {
			isa = PBXProject;
			attributes = {
				LastUpgradeCheck = 1010;
				ORGANIZATIONNAME = Florian;
				TargetAttributes = {
					17744C8720374A080037CA0A = {
						CreatedOnToolsVersion = 9.2;
						ProvisioningStyle = Automatic;
					};
				};
			};
			buildConfigurationList = 17744C8320374A080037CA0A /* Build configuration list for PBXProject "Cell_Evolution" */;
			compatibilityVersion = "Xcode 8.0";
			developmentRegion = en;
			hasScannedForEncodings = 0;
			knownRegions = (
				en,
			);
			mainGroup = 17744C7F20374A080037CA0A;
			productRefGroup = 17744C8920374A080037CA0A /* Products */;
			projectDirPath = "";
			projectRoot = "";
			targets = (
				17744C8720374A080037CA0A /* Cell_Evolution */,
			);
		};
/* End PBXProject section */

/* Begin PBXSourcesBuildPhase section */
		17744C8420374A080037CA0A /* Sources */ = {
			isa = PBXSourcesBuildPhase;
			buildActionMask = 2147483647;
			files = (
				1721441C203D5AF8004F7D91 /* Medium.cpp in Sources */,
				17A162C9205FCE8200665F53 /* Allele.cpp in Sources */,
				17757C6420469C8100EEC886 /* Puddle.cpp in Sources */,
				17784AB5204ED54B00F17A4A /* Ecosystem.cpp in Sources */,
				177612342049AF5C00CB0D12 /* Cell.cpp in Sources */,
				17744C9420374A610037CA0A /* Compartiment.cpp in Sources */,
				17744C8C20374A080037CA0A /* main.cpp in Sources */,
			);
			runOnlyForDeploymentPostprocessing = 0;
		};
/* End PBXSourcesBuildPhase section */

/* Begin XCBuildConfiguration section */
		17744C8D20374A080037CA0A /* Debug */ = {
			isa = XCBuildConfiguration;
			buildSettings = {
				ALWAYS_SEARCH_USER_PATHS = NO;
				CLANG_ANALYZER_NONNULL = YES;
				CLANG_ANALYZER_NUMBER_OBJECT_CONVERSION = YES_AGGRESSIVE;
				CLANG_CXX_LANGUAGE_STANDARD = "gnu++14";
				CLANG_CXX_LIBRARY = "libc++";
				CLANG_ENABLE_MODULES = YES;
				CLANG_ENABLE_OBJC_ARC = YES;
				CLANG_WARN_BLOCK_CAPTURE_AUTORELEASING = YES;
				CLANG_WARN_BOOL_CONVERSION = YES;
				CLANG_WARN_COMMA = YES;
				CLANG_WARN_CONSTANT_CONVERSION = YES;
				CLANG_WARN_DEPRECATED_OBJC_IMPLEMENTATIONS = YES;
				CLANG_WARN_DIRECT_OBJC_ISA_USAGE = YES_ERROR;
				CLANG_WARN_DOCUMENTATION_COMMENTS = YES;
				CLANG_WARN_EMPTY_BODY = YES;
				CLANG_WARN_ENUM_CONVERSION = YES;
				CLANG_WARN_INFINITE_RECURSION = YES;
				CLANG_WARN_INT_CONVERSION = YES;
				CLANG_WARN_NON_LITERAL_NULL_CONVERSION = YES;
				CLANG_WARN_OBJC_IMPLICIT_RETAIN_SELF = YES;
				CLANG_WARN_OBJC_LITERAL_CONVERSION = YES;
				CLANG_WARN_OBJC_ROOT_CLASS = YES_ERROR;
				CLANG_WARN_RANGE_LOOP_ANALYSIS = YES;
				CLANG_WARN_STRICT_PROTOTYPES = YES;
				CLANG_WARN_SUSPICIOUS_MOVE = YES;
				CLANG_WARN_UNGUARDED_AVAILABILITY = YES_AGGRESSIVE;
				CLANG_WARN_UNREACHABLE_CODE = YES;
				CLANG_WARN__DUPLICATE_METHOD_MATCH = YES;
				CODE_SIGN_IDENTITY = "-";
				COPY_PHASE_STRIP = NO;
				DEBUG_INFORMATION_FORMAT = dwarf;
				ENABLE_STRICT_OBJC_MSGSEND = YES;
				ENABLE_TESTABILITY = YES;
				GCC_C_LANGUAGE_STANDARD = gnu11;
				GCC_DYNAMIC_NO_PIC = NO;
				GCC_NO_COMMON_BLOCKS = YES;
				GCC_OPTIMIZATION_LEVEL = 0;
				GCC_PREPROCESSOR_DEFINITIONS = (
					"DEBUG=1",
					"$(inherited)",
				);
				GCC_WARN_64_TO_32_BIT_CONVERSION = YES;
				GCC_WARN_ABOUT_RETURN_TYPE = YES_ERROR;
				GCC_WARN_UNDECLARED_SELECTOR = YES;
				GCC_WARN_UNINITIALIZED_AUTOS = YES_AGGRESSIVE;
				GCC_WARN_UNUSED_FUNCTION = YES;
				GCC_WARN_UNUSED_VARIABLE = YES;
				MACOSX_DEPLOYMENT_TARGET = 10.13;
				MTL_ENABLE_DEBUG_INFO = YES;
				ONLY_ACTIVE_ARCH = YES;
				SDKROOT = macosx;
			};
			name = Debug;
		};
		17744C8E20374A080037CA0A /* Release */ = {
			isa = XCBuildConfiguration;
			buildSettings = {
				ALWAYS_SEARCH_USER_PATHS = NO;
				CLANG_ANALYZER_NONNULL = YES;
				CLANG_ANALYZER_NUMBER_OBJECT_CONVERSION = YES_AGGRESSIVE;
				CLANG_CXX_LANGUAGE_STANDARD = "gnu++14";
				CLANG_CXX_LIBRARY = "libc++";
				CLANG_ENABLE_MODULES = YES;
				CLANG_ENABLE_OBJC_ARC = YES;
				CLANG_WARN_BLOCK_CAPTURE_AUTORELEASING = YES;
				CLANG_WARN_BOOL_CONVERSION = YES;
				CLANG_WARN_COMMA = YES;
				CLANG_WARN_CONSTANT_CONVERSION = YES;
				CLANG_WARN_DEPRECATED_OBJC_IMPLEMENTATIONS = YES;
				CLANG_WARN_DIRECT_OBJC_ISA_USAGE = YES_ERROR;
				CLANG_WARN_DOCUMENTATION_COMMENTS = YES;
				CLANG_WARN_EMPTY_BODY = YES;
				CLANG_WARN_ENUM_CONVERSION = YES;
				CLANG_WARN_INFINITE_RECURSION = YES;
				CLANG_WARN_INT_CONVERSION = YES;
				CLANG_WARN_NON_LITERAL_NULL_CONVERSION = YES;
				CLANG_WARN_OBJC_IMPLICIT_RETAIN_SELF = YES;
				CLANG_WARN_OBJC_LITERAL_CONVERSION = YES;
				CLANG_WARN_OBJC_ROOT_CLASS = YES_ERROR;
				CLANG_WARN_RANGE_LOOP_ANALYSIS = YES;
				CLANG_WARN_STRICT_PROTOTYPES = YES;
				CLANG_WARN_SUSPICIOUS_MOVE = YES;
				CLANG_WARN_UNGUARDED_AVAILABILITY = YES_AGGRESSIVE;
				CLANG_WARN_UNREACHABLE_CODE = YES;
				CLANG_WARN__DUPLICATE_METHOD_MATCH = YES;
				CODE_SIGN_IDENTITY = "-";
				COPY_PHASE_STRIP = NO;
				DEBUG_INFORMATION_FORMAT = "dwarf-with-dsym";
				ENABLE_NS_ASSERTIONS = NO;
				ENABLE_STRICT_OBJC_MSGSEND = YES;
				GCC_C_LANGUAGE_STANDARD = gnu11;
				GCC_NO_COMMON_BLOCKS = YES;
				GCC_WARN_64_TO_32_BIT_CONVERSION = YES;
				GCC_WARN_ABOUT_RETURN_TYPE = YES_ERROR;
				GCC_WARN_UNDECLARED_SELECTOR = YES;
				GCC_WARN_UNINITIALIZED_AUTOS = YES_AGGRESSIVE;
				GCC_WARN_UNUSED_FUNCTION = YES;
				GCC_WARN_UNUSED_VARIABLE = YES;
				MACOSX_DEPLOYMENT_TARGET = 10.13;
				MTL_ENABLE_DEBUG_INFO = NO;
				SDKROOT = macosx;
			};
			name = Release;
		};
		17744C9020374A080037CA0A /* Debug */ = {
			isa = XCBuildConfiguration;
			buildSettings = {
				CODE_SIGN_STYLE = Automatic;
				HEADER_SEARCH_PATHS = /usr/local/Cellar/gsl/2.4/include;
				LIBRARY_SEARCH_PATHS = /usr/local/Cellar/gsl/2.4/lib;
				OTHER_LDFLAGS = (
					"-lgsl",
					"-lgslcblas",
				);
				PRODUCT_NAME = "$(TARGET_NAME)";
			};
			name = Debug;
		};
		17744C9120374A080037CA0A /* Release */ = {
			isa = XCBuildConfiguration;
			buildSettings = {
				CODE_SIGN_STYLE = Automatic;
				HEADER_SEARCH_PATHS = /usr/local/Cellar/gsl/2.4/include;
				LIBRARY_SEARCH_PATHS = /usr/local/Cellar/gsl/2.4/lib;
				OTHER_LDFLAGS = (
					"-lgsl",
					"-lgslcblas",
				);
				PRODUCT_NAME = "$(TARGET_NAME)";
			};
			name = Release;
		};
/* End XCBuildConfiguration section */

/* Begin XCConfigurationList section */
		17744C8320374A080037CA0A /* Build configuration list for PBXProject "Cell_Evolution" */ = {
			isa = XCConfigurationList;
			buildConfigurations = (
				17744C8D20374A080037CA0A /* Debug */,
				17744C8E20374A080037CA0A /* Release */,
			);
			defaultConfigurationIsVisible = 0;
			defaultConfigurationName = Release;
		};
		17744C8F20374A080037CA0A /* Build configuration list for PBXNativeTarget "Cell_Evolution" */ = {
			isa = XCConfigurationList;
			buildConfigurations = (
				17744C9020374A080037CA0A /* Debug */,
				17744C9120374A080037CA0A /* Release */,
			);
			defaultConfigurationIsVisible = 0;
			defaultConfigurationName = Release;
		};
/* End XCConfigurationList section */
	};
	rootObject = 17744C8020374A080037CA0A /* Project object */;
}
